
Microsoft Visual Studio Solution File, Format Version 12.00
# Visual Studio 15
VisualStudioVersion = 15.0.27428.2015
MinimumVisualStudioVersion = 10.0.40219.1
Project("{FAE04EC0-301F-11D3-BF4B-00C04F79EFBC}") = "LogEditor", "LogEditor\LogEditor.csproj", "{B5ACC0F9-7616-4E20-9C95-D129AD591AE2}"
EndProject
Global
	GlobalSection(SolutionConfigurationPlatforms) = preSolution
		Debug|Any CPU = Debug|Any CPU
		Release|Any CPU = Release|Any CPU
	EndGlobalSection
	GlobalSection(ProjectConfigurationPlatforms) = postSolution
		{B5ACC0F9-7616-4E20-9C95-D129AD591AE2}.Debug|Any CPU.ActiveCfg = Debug|Any CPU
		{B5ACC0F9-7616-4E20-9C95-D129AD591AE2}.Debug|Any CPU.Build.0 = Debug|Any CPU
		{B5ACC0F9-7616-4E20-9C95-D129AD591AE2}.Release|Any CPU.ActiveCfg = Release|Any CPU
		{B5ACC0F9-7616-4E20-9C95-D129AD591AE2}.Release|Any CPU.Build.0 = Release|Any CPU
	EndGlobalSection
	GlobalSection(SolutionProperties) = preSolution
		HideSolutionNode = FALSE
	EndGlobalSection
	GlobalSection(ExtensibilityGlobals) = postSolution
		SolutionGuid = {19EFE18C-C760-4F2D-9289-834238DD841D}
	EndGlobalSection
EndGlobal
